// !$*UTF8*$!
{
	archiveVersion = 1;
	classes = {
	};
	objectVersion = 55;
	objects = {

/* Begin PBXBuildFile section */
		283752DE2963F25E00F074A1 /* AppDelegate.swift in Sources */ = {isa = PBXBuildFile; fileRef = 283752DD2963F25E00F074A1 /* AppDelegate.swift */; };
		283752E02963F25E00F074A1 /* SceneDelegate.swift in Sources */ = {isa = PBXBuildFile; fileRef = 283752DF2963F25E00F074A1 /* SceneDelegate.swift */; };
		283752E22963F25E00F074A1 /* ViewController.swift in Sources */ = {isa = PBXBuildFile; fileRef = 283752E12963F25E00F074A1 /* ViewController.swift */; };
		283752E82963F25E00F074A1 /* tableView.xcdatamodeld in Sources */ = {isa = PBXBuildFile; fileRef = 283752E62963F25E00F074A1 /* tableView.xcdatamodeld */; };
		283752EA2963F25F00F074A1 /* Assets.xcassets in Resources */ = {isa = PBXBuildFile; fileRef = 283752E92963F25F00F074A1 /* Assets.xcassets */; };
		283752ED2963F25F00F074A1 /* LaunchScreen.storyboard in Resources */ = {isa = PBXBuildFile; fileRef = 283752EB2963F25F00F074A1 /* LaunchScreen.storyboard */; };
		283752F82963F26000F074A1 /* tableViewTests.swift in Sources */ = {isa = PBXBuildFile; fileRef = 283752F72963F26000F074A1 /* tableViewTests.swift */; };
		283753022963F26000F074A1 /* tableViewUITests.swift in Sources */ = {isa = PBXBuildFile; fileRef = 283753012963F26000F074A1 /* tableViewUITests.swift */; };
		283753042963F26000F074A1 /* tableViewUITestsLaunchTests.swift in Sources */ = {isa = PBXBuildFile; fileRef = 283753032963F26000F074A1 /* tableViewUITestsLaunchTests.swift */; };
		288CD9962963F60800A23F0E /* TableViewCell.swift in Sources */ = {isa = PBXBuildFile; fileRef = 288CD9952963F60800A23F0E /* TableViewCell.swift */; };
		5A4EA3A0FB1740ECD9DECDDF /* Pods_tableViewTests.framework in Frameworks */ = {isa = PBXBuildFile; fileRef = 2E761D0497E189410CADC315 /* Pods_tableViewTests.framework */; };
		D70734FAD6A35E3CF023DE93 /* Pods_tableView.framework in Frameworks */ = {isa = PBXBuildFile; fileRef = 218492565101C38259563599 /* Pods_tableView.framework */; };
		FA5BE36ED5C35110FDCEB7D1 /* Pods_tableView_tableViewUITests.framework in Frameworks */ = {isa = PBXBuildFile; fileRef = 2C9C0F18C728063EE19D5535 /* Pods_tableView_tableViewUITests.framework */; };
/* End PBXBuildFile section */

/* Begin PBXContainerItemProxy section */
		283752F42963F26000F074A1 /* PBXContainerItemProxy */ = {
			isa = PBXContainerItemProxy;
			containerPortal = 283752D22963F25E00F074A1 /* Project object */;
			proxyType = 1;
			remoteGlobalIDString = 283752D92963F25E00F074A1;
			remoteInfo = tableView;
		};
		283752FE2963F26000F074A1 /* PBXContainerItemProxy */ = {
			isa = PBXContainerItemProxy;
			containerPortal = 283752D22963F25E00F074A1 /* Project object */;
			proxyType = 1;
			remoteGlobalIDString = 283752D92963F25E00F074A1;
			remoteInfo = tableView;
		};
/* End PBXContainerItemProxy section */

/* Begin PBXFileReference section */
		0EB89E455C9199FD00CF26EB /* Pods-tableView-tableViewUITests.debug.xcconfig */ = {isa = PBXFileReference; includeInIndex = 1; lastKnownFileType = text.xcconfig; name = "Pods-tableView-tableViewUITests.debug.xcconfig"; path = "Target Support Files/Pods-tableView-tableViewUITests/Pods-tableView-tableViewUITests.debug.xcconfig"; sourceTree = "<group>"; };
		218492565101C38259563599 /* Pods_tableView.framework */ = {isa = PBXFileReference; explicitFileType = wrapper.framework; includeInIndex = 0; path = Pods_tableView.framework; sourceTree = BUILT_PRODUCTS_DIR; };
		283752DA2963F25E00F074A1 /* tableView.app */ = {isa = PBXFileReference; explicitFileType = wrapper.application; includeInIndex = 0; path = tableView.app; sourceTree = BUILT_PRODUCTS_DIR; };
		283752DD2963F25E00F074A1 /* AppDelegate.swift */ = {isa = PBXFileReference; lastKnownFileType = sourcecode.swift; path = AppDelegate.swift; sourceTree = "<group>"; };
		283752DF2963F25E00F074A1 /* SceneDelegate.swift */ = {isa = PBXFileReference; lastKnownFileType = sourcecode.swift; path = SceneDelegate.swift; sourceTree = "<group>"; };
		283752E12963F25E00F074A1 /* ViewController.swift */ = {isa = PBXFileReference; lastKnownFileType = sourcecode.swift; path = ViewController.swift; sourceTree = "<group>"; };
		283752E72963F25E00F074A1 /* tableView.xcdatamodel */ = {isa = PBXFileReference; lastKnownFileType = wrapper.xcdatamodel; path = tableView.xcdatamodel; sourceTree = "<group>"; };
		283752E92963F25F00F074A1 /* Assets.xcassets */ = {isa = PBXFileReference; lastKnownFileType = folder.assetcatalog; path = Assets.xcassets; sourceTree = "<group>"; };
		283752EC2963F25F00F074A1 /* Base */ = {isa = PBXFileReference; lastKnownFileType = file.storyboard; name = Base; path = Base.lproj/LaunchScreen.storyboard; sourceTree = "<group>"; };
		283752EE2963F25F00F074A1 /* Info.plist */ = {isa = PBXFileReference; lastKnownFileType = text.plist.xml; path = Info.plist; sourceTree = "<group>"; };
		283752F32963F26000F074A1 /* tableViewTests.xctest */ = {isa = PBXFileReference; explicitFileType = wrapper.cfbundle; includeInIndex = 0; path = tableViewTests.xctest; sourceTree = BUILT_PRODUCTS_DIR; };
		283752F72963F26000F074A1 /* tableViewTests.swift */ = {isa = PBXFileReference; lastKnownFileType = sourcecode.swift; path = tableViewTests.swift; sourceTree = "<group>"; };
		283752FD2963F26000F074A1 /* tableViewUITests.xctest */ = {isa = PBXFileReference; explicitFileType = wrapper.cfbundle; includeInIndex = 0; path = tableViewUITests.xctest; sourceTree = BUILT_PRODUCTS_DIR; };
		283753012963F26000F074A1 /* tableViewUITests.swift */ = {isa = PBXFileReference; lastKnownFileType = sourcecode.swift; path = tableViewUITests.swift; sourceTree = "<group>"; };
		283753032963F26000F074A1 /* tableViewUITestsLaunchTests.swift */ = {isa = PBXFileReference; lastKnownFileType = sourcecode.swift; path = tableViewUITestsLaunchTests.swift; sourceTree = "<group>"; };
		288CD9952963F60800A23F0E /* TableViewCell.swift */ = {isa = PBXFileReference; lastKnownFileType = sourcecode.swift; path = TableViewCell.swift; sourceTree = "<group>"; };
		2C9C0F18C728063EE19D5535 /* Pods_tableView_tableViewUITests.framework */ = {isa = PBXFileReference; explicitFileType = wrapper.framework; includeInIndex = 0; path = Pods_tableView_tableViewUITests.framework; sourceTree = BUILT_PRODUCTS_DIR; };
		2E761D0497E189410CADC315 /* Pods_tableViewTests.framework */ = {isa = PBXFileReference; explicitFileType = wrapper.framework; includeInIndex = 0; path = Pods_tableViewTests.framework; sourceTree = BUILT_PRODUCTS_DIR; };
		77755B0239F4ADA4E331184D /* Pods-tableViewTests.release.xcconfig */ = {isa = PBXFileReference; includeInIndex = 1; lastKnownFileType = text.xcconfig; name = "Pods-tableViewTests.release.xcconfig"; path = "Target Support Files/Pods-tableViewTests/Pods-tableViewTests.release.xcconfig"; sourceTree = "<group>"; };
		7F0EB8D523FC9DAA57E21C58 /* Pods-tableView.debug.xcconfig */ = {isa = PBXFileReference; includeInIndex = 1; lastKnownFileType = text.xcconfig; name = "Pods-tableView.debug.xcconfig"; path = "Target Support Files/Pods-tableView/Pods-tableView.debug.xcconfig"; sourceTree = "<group>"; };
		C19E041B1661762CA95AC3FE /* Pods-tableView-tableViewUITests.release.xcconfig */ = {isa = PBXFileReference; includeInIndex = 1; lastKnownFileType = text.xcconfig; name = "Pods-tableView-tableViewUITests.release.xcconfig"; path = "Target Support Files/Pods-tableView-tableViewUITests/Pods-tableView-tableViewUITests.release.xcconfig"; sourceTree = "<group>"; };
		DB47E4EB5EAD1E42FD7A716E /* Pods-tableViewTests.debug.xcconfig */ = {isa = PBXFileReference; includeInIndex = 1; lastKnownFileType = text.xcconfig; name = "Pods-tableViewTests.debug.xcconfig"; path = "Target Support Files/Pods-tableViewTests/Pods-tableViewTests.debug.xcconfig"; sourceTree = "<group>"; };
		E9D977E6DE1943904FF9252B /* Pods-tableView.release.xcconfig */ = {isa = PBXFileReference; includeInIndex = 1; lastKnownFileType = text.xcconfig; name = "Pods-tableView.release.xcconfig"; path = "Target Support Files/Pods-tableView/Pods-tableView.release.xcconfig"; sourceTree = "<group>"; };
/* End PBXFileReference section */

/* Begin PBXFrameworksBuildPhase section */
		283752D72963F25E00F074A1 /* Frameworks */ = {
			isa = PBXFrameworksBuildPhase;
			buildActionMask = 2147483647;
			files = (
				D70734FAD6A35E3CF023DE93 /* Pods_tableView.framework in Frameworks */,
			);
			runOnlyForDeploymentPostprocessing = 0;
		};
		283752F02963F26000F074A1 /* Frameworks */ = {
			isa = PBXFrameworksBuildPhase;
			buildActionMask = 2147483647;
			files = (
				5A4EA3A0FB1740ECD9DECDDF /* Pods_tableViewTests.framework in Frameworks */,
			);
			runOnlyForDeploymentPostprocessing = 0;
		};
		283752FA2963F26000F074A1 /* Frameworks */ = {
			isa = PBXFrameworksBuildPhase;
			buildActionMask = 2147483647;
			files = (
				FA5BE36ED5C35110FDCEB7D1 /* Pods_tableView_tableViewUITests.framework in Frameworks */,
			);
			runOnlyForDeploymentPostprocessing = 0;
		};
/* End PBXFrameworksBuildPhase section */

/* Begin PBXGroup section */
		182ADDBB97F0E2FC042AB7E0 /* Frameworks */ = {
			isa = PBXGroup;
			children = (
				218492565101C38259563599 /* Pods_tableView.framework */,
				2C9C0F18C728063EE19D5535 /* Pods_tableView_tableViewUITests.framework */,
				2E761D0497E189410CADC315 /* Pods_tableViewTests.framework */,
			);
			name = Frameworks;
			sourceTree = "<group>";
		};
		283752D12963F25E00F074A1 = {
			isa = PBXGroup;
			children = (
				283752DC2963F25E00F074A1 /* tableView */,
				283752F62963F26000F074A1 /* tableViewTests */,
				283753002963F26000F074A1 /* tableViewUITests */,
				283752DB2963F25E00F074A1 /* Products */,
				62B2575A655E7F393B683237 /* Pods */,
				182ADDBB97F0E2FC042AB7E0 /* Frameworks */,
			);
			sourceTree = "<group>";
		};
		283752DB2963F25E00F074A1 /* Products */ = {
			isa = PBXGroup;
			children = (
				283752DA2963F25E00F074A1 /* tableView.app */,
				283752F32963F26000F074A1 /* tableViewTests.xctest */,
				283752FD2963F26000F074A1 /* tableViewUITests.xctest */,
			);
			name = Products;
			sourceTree = "<group>";
		};
		283752DC2963F25E00F074A1 /* tableView */ = {
			isa = PBXGroup;
			children = (
				283752DD2963F25E00F074A1 /* AppDelegate.swift */,
				283752DF2963F25E00F074A1 /* SceneDelegate.swift */,
				283752E12963F25E00F074A1 /* ViewController.swift */,
				283752E92963F25F00F074A1 /* Assets.xcassets */,
				283752EB2963F25F00F074A1 /* LaunchScreen.storyboard */,
				283752EE2963F25F00F074A1 /* Info.plist */,
				283752E62963F25E00F074A1 /* tableView.xcdatamodeld */,
				288CD9952963F60800A23F0E /* TableViewCell.swift */,
			);
			path = tableView;
			sourceTree = "<group>";
		};
		283752F62963F26000F074A1 /* tableViewTests */ = {
			isa = PBXGroup;
			children = (
				283752F72963F26000F074A1 /* tableViewTests.swift */,
			);
			path = tableViewTests;
			sourceTree = "<group>";
		};
		283753002963F26000F074A1 /* tableViewUITests */ = {
			isa = PBXGroup;
			children = (
				283753012963F26000F074A1 /* tableViewUITests.swift */,
				283753032963F26000F074A1 /* tableViewUITestsLaunchTests.swift */,
			);
			path = tableViewUITests;
			sourceTree = "<group>";
		};
		62B2575A655E7F393B683237 /* Pods */ = {
			isa = PBXGroup;
			children = (
				7F0EB8D523FC9DAA57E21C58 /* Pods-tableView.debug.xcconfig */,
				E9D977E6DE1943904FF9252B /* Pods-tableView.release.xcconfig */,
				0EB89E455C9199FD00CF26EB /* Pods-tableView-tableViewUITests.debug.xcconfig */,
				C19E041B1661762CA95AC3FE /* Pods-tableView-tableViewUITests.release.xcconfig */,
				DB47E4EB5EAD1E42FD7A716E /* Pods-tableViewTests.debug.xcconfig */,
				77755B0239F4ADA4E331184D /* Pods-tableViewTests.release.xcconfig */,
			);
			path = Pods;
			sourceTree = "<group>";
		};
/* End PBXGroup section */

/* Begin PBXNativeTarget section */
		283752D92963F25E00F074A1 /* tableView */ = {
			isa = PBXNativeTarget;
			buildConfigurationList = 283753072963F26000F074A1 /* Build configuration list for PBXNativeTarget "tableView" */;
			buildPhases = (
				BB1F7431BC0CADA18BC336C1 /* [CP] Check Pods Manifest.lock */,
				283752D62963F25E00F074A1 /* Sources */,
				283752D72963F25E00F074A1 /* Frameworks */,
				283752D82963F25E00F074A1 /* Resources */,
				603BEEDDA2AA57E308684921 /* [CP] Embed Pods Frameworks */,
			);
			buildRules = (
			);
			dependencies = (
			);
			name = tableView;
			productName = tableView;
			productReference = 283752DA2963F25E00F074A1 /* tableView.app */;
			productType = "com.apple.product-type.application";
		};
		283752F22963F26000F074A1 /* tableViewTests */ = {
			isa = PBXNativeTarget;
			buildConfigurationList = 2837530A2963F26000F074A1 /* Build configuration list for PBXNativeTarget "tableViewTests" */;
			buildPhases = (
				E116FD4822B735987ACBE073 /* [CP] Check Pods Manifest.lock */,
				283752EF2963F26000F074A1 /* Sources */,
				283752F02963F26000F074A1 /* Frameworks */,
				283752F12963F26000F074A1 /* Resources */,
			);
			buildRules = (
			);
			dependencies = (
				283752F52963F26000F074A1 /* PBXTargetDependency */,
			);
			name = tableViewTests;
			productName = tableViewTests;
			productReference = 283752F32963F26000F074A1 /* tableViewTests.xctest */;
			productType = "com.apple.product-type.bundle.unit-test";
		};
		283752FC2963F26000F074A1 /* tableViewUITests */ = {
			isa = PBXNativeTarget;
			buildConfigurationList = 2837530D2963F26000F074A1 /* Build configuration list for PBXNativeTarget "tableViewUITests" */;
			buildPhases = (
				ABC56D2D6EB37845D1C82ED7 /* [CP] Check Pods Manifest.lock */,
				283752F92963F26000F074A1 /* Sources */,
				283752FA2963F26000F074A1 /* Frameworks */,
				283752FB2963F26000F074A1 /* Resources */,
				731EDE6F76AAA4BAFE1FD6DD /* [CP] Embed Pods Frameworks */,
			);
			buildRules = (
			);
			dependencies = (
				283752FF2963F26000F074A1 /* PBXTargetDependency */,
			);
			name = tableViewUITests;
			productName = tableViewUITests;
			productReference = 283752FD2963F26000F074A1 /* tableViewUITests.xctest */;
			productType = "com.apple.product-type.bundle.ui-testing";
		};
/* End PBXNativeTarget section */

/* Begin PBXProject section */
		283752D22963F25E00F074A1 /* Project object */ = {
			isa = PBXProject;
			attributes = {
				BuildIndependentTargetsInParallel = 1;
				LastSwiftUpdateCheck = 1340;
				LastUpgradeCheck = 1340;
				TargetAttributes = {
					283752D92963F25E00F074A1 = {
						CreatedOnToolsVersion = 13.4.1;
					};
					283752F22963F26000F074A1 = {
						CreatedOnToolsVersion = 13.4.1;
						TestTargetID = 283752D92963F25E00F074A1;
					};
					283752FC2963F26000F074A1 = {
						CreatedOnToolsVersion = 13.4.1;
						TestTargetID = 283752D92963F25E00F074A1;
					};
				};
			};
			buildConfigurationList = 283752D52963F25E00F074A1 /* Build configuration list for PBXProject "tableView" */;
			compatibilityVersion = "Xcode 13.0";
			developmentRegion = en;
			hasScannedForEncodings = 0;
			knownRegions = (
				en,
				Base,
			);
			mainGroup = 283752D12963F25E00F074A1;
			productRefGroup = 283752DB2963F25E00F074A1 /* Products */;
			projectDirPath = "";
			projectRoot = "";
			targets = (
				283752D92963F25E00F074A1 /* tableView */,
				283752F22963F26000F074A1 /* tableViewTests */,
				283752FC2963F26000F074A1 /* tableViewUITests */,
			);
		};
/* End PBXProject section */

/* Begin PBXResourcesBuildPhase section */
		283752D82963F25E00F074A1 /* Resources */ = {
			isa = PBXResourcesBuildPhase;
			buildActionMask = 2147483647;
			files = (
				283752ED2963F25F00F074A1 /* LaunchScreen.storyboard in Resources */,
				283752EA2963F25F00F074A1 /* Assets.xcassets in Resources */,
			);
			runOnlyForDeploymentPostprocessing = 0;
		};
		283752F12963F26000F074A1 /* Resources */ = {
			isa = PBXResourcesBuildPhase;
			buildActionMask = 2147483647;
			files = (
			);
			runOnlyForDeploymentPostprocessing = 0;
		};
		283752FB2963F26000F074A1 /* Resources */ = {
			isa = PBXResourcesBuildPhase;
			buildActionMask = 2147483647;
			files = (
			);
			runOnlyForDeploymentPostprocessing = 0;
		};
/* End PBXResourcesBuildPhase section */

/* Begin PBXShellScriptBuildPhase section */
		603BEEDDA2AA57E308684921 /* [CP] Embed Pods Frameworks */ = {
			isa = PBXShellScriptBuildPhase;
			buildActionMask = 2147483647;
			files = (
			);
			inputFileListPaths = (
				"${PODS_ROOT}/Target Support Files/Pods-tableView/Pods-tableView-frameworks-${CONFIGURATION}-input-files.xcfilelist",
			);
			name = "[CP] Embed Pods Frameworks";
			outputFileListPaths = (
				"${PODS_ROOT}/Target Support Files/Pods-tableView/Pods-tableView-frameworks-${CONFIGURATION}-output-files.xcfilelist",
			);
			runOnlyForDeploymentPostprocessing = 0;
			shellPath = /bin/sh;
			shellScript = "\"${PODS_ROOT}/Target Support Files/Pods-tableView/Pods-tableView-frameworks.sh\"\n";
			showEnvVarsInLog = 0;
		};
		731EDE6F76AAA4BAFE1FD6DD /* [CP] Embed Pods Frameworks */ = {
			isa = PBXShellScriptBuildPhase;
			buildActionMask = 2147483647;
			files = (
			);
			inputFileListPaths = (
				"${PODS_ROOT}/Target Support Files/Pods-tableView-tableViewUITests/Pods-tableView-tableViewUITests-frameworks-${CONFIGURATION}-input-files.xcfilelist",
			);
			name = "[CP] Embed Pods Frameworks";
			outputFileListPaths = (
				"${PODS_ROOT}/Target Support Files/Pods-tableView-tableViewUITests/Pods-tableView-tableViewUITests-frameworks-${CONFIGURATION}-output-files.xcfilelist",
			);
			runOnlyForDeploymentPostprocessing = 0;
			shellPath = /bin/sh;
			shellScript = "\"${PODS_ROOT}/Target Support Files/Pods-tableView-tableViewUITests/Pods-tableView-tableViewUITests-frameworks.sh\"\n";
			showEnvVarsInLog = 0;
		};
		ABC56D2D6EB37845D1C82ED7 /* [CP] Check Pods Manifest.lock */ = {
			isa = PBXShellScriptBuildPhase;
			buildActionMask = 2147483647;
			files = (
			);
			inputFileListPaths = (
			);
			inputPaths = (
				"${PODS_PODFILE_DIR_PATH}/Podfile.lock",
				"${PODS_ROOT}/Manifest.lock",
			);
			name = "[CP] Check Pods Manifest.lock";
			outputFileListPaths = (
			);
			outputPaths = (
				"$(DERIVED_FILE_DIR)/Pods-tableView-tableViewUITests-checkManifestLockResult.txt",
			);
			runOnlyForDeploymentPostprocessing = 0;
			shellPath = /bin/sh;
			shellScript = "diff \"${PODS_PODFILE_DIR_PATH}/Podfile.lock\" \"${PODS_ROOT}/Manifest.lock\" > /dev/null\nif [ $? != 0 ] ; then\n    # print error to STDERR\n    echo \"error: The sandbox is not in sync with the Podfile.lock. Run 'pod install' or update your CocoaPods installation.\" >&2\n    exit 1\nfi\n# This output is used by Xcode 'outputs' to avoid re-running this script phase.\necho \"SUCCESS\" > \"${SCRIPT_OUTPUT_FILE_0}\"\n";
			showEnvVarsInLog = 0;
		};
		BB1F7431BC0CADA18BC336C1 /* [CP] Check Pods Manifest.lock */ = {
			isa = PBXShellScriptBuildPhase;
			buildActionMask = 2147483647;
			files = (
			);
			inputFileListPaths = (
			);
			inputPaths = (
				"${PODS_PODFILE_DIR_PATH}/Podfile.lock",
				"${PODS_ROOT}/Manifest.lock",
			);
			name = "[CP] Check Pods Manifest.lock";
			outputFileListPaths = (
			);
			outputPaths = (
				"$(DERIVED_FILE_DIR)/Pods-tableView-checkManifestLockResult.txt",
			);
			runOnlyForDeploymentPostprocessing = 0;
			shellPath = /bin/sh;
			shellScript = "diff \"${PODS_PODFILE_DIR_PATH}/Podfile.lock\" \"${PODS_ROOT}/Manifest.lock\" > /dev/null\nif [ $? != 0 ] ; then\n    # print error to STDERR\n    echo \"error: The sandbox is not in sync with the Podfile.lock. Run 'pod install' or update your CocoaPods installation.\" >&2\n    exit 1\nfi\n# This output is used by Xcode 'outputs' to avoid re-running this script phase.\necho \"SUCCESS\" > \"${SCRIPT_OUTPUT_FILE_0}\"\n";
			showEnvVarsInLog = 0;
		};
		E116FD4822B735987ACBE073 /* [CP] Check Pods Manifest.lock */ = {
			isa = PBXShellScriptBuildPhase;
			buildActionMask = 2147483647;
			files = (
			);
			inputFileListPaths = (
			);
			inputPaths = (
				"${PODS_PODFILE_DIR_PATH}/Podfile.lock",
				"${PODS_ROOT}/Manifest.lock",
			);
			name = "[CP] Check Pods Manifest.lock";
			outputFileListPaths = (
			);
			outputPaths = (
				"$(DERIVED_FILE_DIR)/Pods-tableViewTests-checkManifestLockResult.txt",
			);
			runOnlyForDeploymentPostprocessing = 0;
			shellPath = /bin/sh;
			shellScript = "diff \"${PODS_PODFILE_DIR_PATH}/Podfile.lock\" \"${PODS_ROOT}/Manifest.lock\" > /dev/null\nif [ $? != 0 ] ; then\n    # print error to STDERR\n    echo \"error: The sandbox is not in sync with the Podfile.lock. Run 'pod install' or update your CocoaPods installation.\" >&2\n    exit 1\nfi\n# This output is used by Xcode 'outputs' to avoid re-running this script phase.\necho \"SUCCESS\" > \"${SCRIPT_OUTPUT_FILE_0}\"\n";
			showEnvVarsInLog = 0;
		};
/* End PBXShellScriptBuildPhase section */

/* Begin PBXSourcesBuildPhase section */
		283752D62963F25E00F074A1 /* Sources */ = {
			isa = PBXSourcesBuildPhase;
			buildActionMask = 2147483647;
			files = (
				288CD9962963F60800A23F0E /* TableViewCell.swift in Sources */,
				283752E22963F25E00F074A1 /* ViewController.swift in Sources */,
				283752E82963F25E00F074A1 /* tableView.xcdatamodeld in Sources */,
				283752DE2963F25E00F074A1 /* AppDelegate.swift in Sources */,
				283752E02963F25E00F074A1 /* SceneDelegate.swift in Sources */,
			);
			runOnlyForDeploymentPostprocessing = 0;
		};
		283752EF2963F26000F074A1 /* Sources */ = {
			isa = PBXSourcesBuildPhase;
			buildActionMask = 2147483647;
			files = (
				283752F82963F26000F074A1 /* tableViewTests.swift in Sources */,
			);
			runOnlyForDeploymentPostprocessing = 0;
		};
		283752F92963F26000F074A1 /* Sources */ = {
			isa = PBXSourcesBuildPhase;
			buildActionMask = 2147483647;
			files = (
				283753042963F26000F074A1 /* tableViewUITestsLaunchTests.swift in Sources */,
				283753022963F26000F074A1 /* tableViewUITests.swift in Sources */,
			);
			runOnlyForDeploymentPostprocessing = 0;
		};
/* End PBXSourcesBuildPhase section */

/* Begin PBXTargetDependency section */
		283752F52963F26000F074A1 /* PBXTargetDependency */ = {
			isa = PBXTargetDependency;
			target = 283752D92963F25E00F074A1 /* tableView */;
			targetProxy = 283752F42963F26000F074A1 /* PBXContainerItemProxy */;
		};
		283752FF2963F26000F074A1 /* PBXTargetDependency */ = {
			isa = PBXTargetDependency;
			target = 283752D92963F25E00F074A1 /* tableView */;
			targetProxy = 283752FE2963F26000F074A1 /* PBXContainerItemProxy */;
		};
/* End PBXTargetDependency section */

/* Begin PBXVariantGroup section */
		283752EB2963F25F00F074A1 /* LaunchScreen.storyboard */ = {
			isa = PBXVariantGroup;
			children = (
				283752EC2963F25F00F074A1 /* Base */,
			);
			name = LaunchScreen.storyboard;
			sourceTree = "<group>";
		};
/* End PBXVariantGroup section */

/* Begin XCBuildConfiguration section */
		283753052963F26000F074A1 /* Debug */ = {
			isa = XCBuildConfiguration;
			buildSettings = {
				ALWAYS_SEARCH_USER_PATHS = NO;
				CLANG_ANALYZER_NONNULL = YES;
				CLANG_ANALYZER_NUMBER_OBJECT_CONVERSION = YES_AGGRESSIVE;
				CLANG_CXX_LANGUAGE_STANDARD = "gnu++17";
				CLANG_ENABLE_MODULES = YES;
				CLANG_ENABLE_OBJC_ARC = YES;
				CLANG_ENABLE_OBJC_WEAK = YES;
				CLANG_WARN_BLOCK_CAPTURE_AUTORELEASING = YES;
				CLANG_WARN_BOOL_CONVERSION = YES;
				CLANG_WARN_COMMA = YES;
				CLANG_WARN_CONSTANT_CONVERSION = YES;
				CLANG_WARN_DEPRECATED_OBJC_IMPLEMENTATIONS = YES;
				CLANG_WARN_DIRECT_OBJC_ISA_USAGE = YES_ERROR;
				CLANG_WARN_DOCUMENTATION_COMMENTS = YES;
				CLANG_WARN_EMPTY_BODY = YES;
				CLANG_WARN_ENUM_CONVERSION = YES;
				CLANG_WARN_INFINITE_RECURSION = YES;
				CLANG_WARN_INT_CONVERSION = YES;
				CLANG_WARN_NON_LITERAL_NULL_CONVERSION = YES;
				CLANG_WARN_OBJC_IMPLICIT_RETAIN_SELF = YES;
				CLANG_WARN_OBJC_LITERAL_CONVERSION = YES;
				CLANG_WARN_OBJC_ROOT_CLASS = YES_ERROR;
				CLANG_WARN_QUOTED_INCLUDE_IN_FRAMEWORK_HEADER = YES;
				CLANG_WARN_RANGE_LOOP_ANALYSIS = YES;
				CLANG_WARN_STRICT_PROTOTYPES = YES;
				CLANG_WARN_SUSPICIOUS_MOVE = YES;
				CLANG_WARN_UNGUARDED_AVAILABILITY = YES_AGGRESSIVE;
				CLANG_WARN_UNREACHABLE_CODE = YES;
				CLANG_WARN__DUPLICATE_METHOD_MATCH = YES;
				COPY_PHASE_STRIP = NO;
				DEBUG_INFORMATION_FORMAT = dwarf;
				ENABLE_STRICT_OBJC_MSGSEND = YES;
				ENABLE_TESTABILITY = YES;
				GCC_C_LANGUAGE_STANDARD = gnu11;
				GCC_DYNAMIC_NO_PIC = NO;
				GCC_NO_COMMON_BLOCKS = YES;
				GCC_OPTIMIZATION_LEVEL = 0;
				GCC_PREPROCESSOR_DEFINITIONS = (
					"DEBUG=1",
					"$(inherited)",
				);
				GCC_WARN_64_TO_32_BIT_CONVERSION = YES;
				GCC_WARN_ABOUT_RETURN_TYPE = YES_ERROR;
				GCC_WARN_UNDECLARED_SELECTOR = YES;
				GCC_WARN_UNINITIALIZED_AUTOS = YES_AGGRESSIVE;
				GCC_WARN_UNUSED_FUNCTION = YES;
				GCC_WARN_UNUSED_VARIABLE = YES;
				IPHONEOS_DEPLOYMENT_TARGET = 15.5;
				MTL_ENABLE_DEBUG_INFO = INCLUDE_SOURCE;
				MTL_FAST_MATH = YES;
				ONLY_ACTIVE_ARCH = YES;
				SDKROOT = iphoneos;
				SWIFT_ACTIVE_COMPILATION_CONDITIONS = DEBUG;
				SWIFT_OPTIMIZATION_LEVEL = "-Onone";
			};
			name = Debug;
		};
		283753062963F26000F074A1 /* Release */ = {
			isa = XCBuildConfiguration;
			buildSettings = {
				ALWAYS_SEARCH_USER_PATHS = NO;
				CLANG_ANALYZER_NONNULL = YES;
				CLANG_ANALYZER_NUMBER_OBJECT_CONVERSION = YES_AGGRESSIVE;
				CLANG_CXX_LANGUAGE_STANDARD = "gnu++17";
				CLANG_ENABLE_MODULES = YES;
				CLANG_ENABLE_OBJC_ARC = YES;
				CLANG_ENABLE_OBJC_WEAK = YES;
				CLANG_WARN_BLOCK_CAPTURE_AUTORELEASING = YES;
				CLANG_WARN_BOOL_CONVERSION = YES;
				CLANG_WARN_COMMA = YES;
				CLANG_WARN_CONSTANT_CONVERSION = YES;
				CLANG_WARN_DEPRECATED_OBJC_IMPLEMENTATIONS = YES;
				CLANG_WARN_DIRECT_OBJC_ISA_USAGE = YES_ERROR;
				CLANG_WARN_DOCUMENTATION_COMMENTS = YES;
				CLANG_WARN_EMPTY_BODY = YES;
				CLANG_WARN_ENUM_CONVERSION = YES;
				CLANG_WARN_INFINITE_RECURSION = YES;
				CLANG_WARN_INT_CONVERSION = YES;
				CLANG_WARN_NON_LITERAL_NULL_CONVERSION = YES;
				CLANG_WARN_OBJC_IMPLICIT_RETAIN_SELF = YES;
				CLANG_WARN_OBJC_LITERAL_CONVERSION = YES;
				CLANG_WARN_OBJC_ROOT_CLASS = YES_ERROR;
				CLANG_WARN_QUOTED_INCLUDE_IN_FRAMEWORK_HEADER = YES;
				CLANG_WARN_RANGE_LOOP_ANALYSIS = YES;
				CLANG_WARN_STRICT_PROTOTYPES = YES;
				CLANG_WARN_SUSPICIOUS_MOVE = YES;
				CLANG_WARN_UNGUARDED_AVAILABILITY = YES_AGGRESSIVE;
				CLANG_WARN_UNREACHABLE_CODE = YES;
				CLANG_WARN__DUPLICATE_METHOD_MATCH = YES;
				COPY_PHASE_STRIP = NO;
				DEBUG_INFORMATION_FORMAT = "dwarf-with-dsym";
				ENABLE_NS_ASSERTIONS = NO;
				ENABLE_STRICT_OBJC_MSGSEND = YES;
				GCC_C_LANGUAGE_STANDARD = gnu11;
				GCC_NO_COMMON_BLOCKS = YES;
				GCC_WARN_64_TO_32_BIT_CONVERSION = YES;
				GCC_WARN_ABOUT_RETURN_TYPE = YES_ERROR;
				GCC_WARN_UNDECLARED_SELECTOR = YES;
				GCC_WARN_UNINITIALIZED_AUTOS = YES_AGGRESSIVE;
				GCC_WARN_UNUSED_FUNCTION = YES;
				GCC_WARN_UNUSED_VARIABLE = YES;
				IPHONEOS_DEPLOYMENT_TARGET = 15.5;
				MTL_ENABLE_DEBUG_INFO = NO;
				MTL_FAST_MATH = YES;
				SDKROOT = iphoneos;
				SWIFT_COMPILATION_MODE = wholemodule;
				SWIFT_OPTIMIZATION_LEVEL = "-O";
				VALIDATE_PRODUCT = YES;
			};
			name = Release;
		};
		283753082963F26000F074A1 /* Debug */ = {
			isa = XCBuildConfiguration;
			baseConfigurationReference = 7F0EB8D523FC9DAA57E21C58 /* Pods-tableView.debug.xcconfig */;
			buildSettings = {
				ASSETCATALOG_COMPILER_APPICON_NAME = AppIcon;
				ASSETCATALOG_COMPILER_GLOBAL_ACCENT_COLOR_NAME = AccentColor;
				CODE_SIGN_STYLE = Automatic;
				CURRENT_PROJECT_VERSION = 1;
				GENERATE_INFOPLIST_FILE = YES;
				INFOPLIST_FILE = tableView/Info.plist;
				INFOPLIST_KEY_UIApplicationSupportsIndirectInputEvents = YES;
				INFOPLIST_KEY_UILaunchStoryboardName = LaunchScreen;
				INFOPLIST_KEY_UISupportedInterfaceOrientations_iPad = "UIInterfaceOrientationPortrait UIInterfaceOrientationPortraitUpsideDown UIInterfaceOrientationLandscapeLeft UIInterfaceOrientationLandscapeRight";
				INFOPLIST_KEY_UISupportedInterfaceOrientations_iPhone = "UIInterfaceOrientationPortrait UIInterfaceOrientationLandscapeLeft UIInterfaceOrientationLandscapeRight";
				LD_RUNPATH_SEARCH_PATHS = (
					"$(inherited)",
					"@executable_path/Frameworks",
				);
				MARKETING_VERSION = 1.0;
				PRODUCT_BUNDLE_IDENTIFIER = home.tableView;
				PRODUCT_NAME = "$(TARGET_NAME)";
				SWIFT_EMIT_LOC_STRINGS = YES;
				SWIFT_VERSION = 5.0;
				TARGETED_DEVICE_FAMILY = "1,2";
			};
			name = Debug;
		};
		283753092963F26000F074A1 /* Release */ = {
			isa = XCBuildConfiguration;
			baseConfigurationReference = E9D977E6DE1943904FF9252B /* Pods-tableView.release.xcconfig */;
			buildSettings = {
				ASSETCATALOG_COMPILER_APPICON_NAME = AppIcon;
				ASSETCATALOG_COMPILER_GLOBAL_ACCENT_COLOR_NAME = AccentColor;
				CODE_SIGN_STYLE = Automatic;
				CURRENT_PROJECT_VERSION = 1;
				GENERATE_INFOPLIST_FILE = YES;
				INFOPLIST_FILE = tableView/Info.plist;
				INFOPLIST_KEY_UIApplicationSupportsIndirectInputEvents = YES;
				INFOPLIST_KEY_UILaunchStoryboardName = LaunchScreen;
				INFOPLIST_KEY_UISupportedInterfaceOrientations_iPad = "UIInterfaceOrientationPortrait UIInterfaceOrientationPortraitUpsideDown UIInterfaceOrientationLandscapeLeft UIInterfaceOrientationLandscapeRight";
				INFOPLIST_KEY_UISupportedInterfaceOrientations_iPhone = "UIInterfaceOrientationPortrait UIInterfaceOrientationLandscapeLeft UIInterfaceOrientationLandscapeRight";
				LD_RUNPATH_SEARCH_PATHS = (
					"$(inherited)",
					"@executable_path/Frameworks",
				);
				MARKETING_VERSION = 1.0;
				PRODUCT_BUNDLE_IDENTIFIER = home.tableView;
				PRODUCT_NAME = "$(TARGET_NAME)";
				SWIFT_EMIT_LOC_STRINGS = YES;
				SWIFT_VERSION = 5.0;
				TARGETED_DEVICE_FAMILY = "1,2";
			};
			name = Release;
		};
		2837530B2963F26000F074A1 /* Debug */ = {
			isa = XCBuildConfiguration;
			baseConfigurationReference = DB47E4EB5EAD1E42FD7A716E /* Pods-tableViewTests.debug.xcconfig */;
			buildSettings = {
				ALWAYS_EMBED_SWIFT_STANDARD_LIBRARIES = YES;
				BUNDLE_LOADER = "$(TEST_HOST)";
				CODE_SIGN_STYLE = Automatic;
				CURRENT_PROJECT_VERSION = 1;
				GENERATE_INFOPLIST_FILE = YES;
				IPHONEOS_DEPLOYMENT_TARGET = 15.5;
				MARKETING_VERSION = 1.0;
				PRODUCT_BUNDLE_IDENTIFIER = home.tableViewTests;
				PRODUCT_NAME = "$(TARGET_NAME)";
				SWIFT_EMIT_LOC_STRINGS = NO;
				SWIFT_VERSION = 5.0;
				TARGETED_DEVICE_FAMILY = "1,2";
				TEST_HOST = "$(BUILT_PRODUCTS_DIR)/tableView.app/tableView";
			};
			name = Debug;
		};
		2837530C2963F26000F074A1 /* Release */ = {
			isa = XCBuildConfiguration;
			baseConfigurationReference = 77755B0239F4ADA4E331184D /* Pods-tableViewTests.release.xcconfig */;
			buildSettings = {
				ALWAYS_EMBED_SWIFT_STANDARD_LIBRARIES = YES;
				BUNDLE_LOADER = "$(TEST_HOST)";
				CODE_SIGN_STYLE = Automatic;
				CURRENT_PROJECT_VERSION = 1;
				GENERATE_INFOPLIST_FILE = YES;
				IPHONEOS_DEPLOYMENT_TARGET = 15.5;
				MARKETING_VERSION = 1.0;
				PRODUCT_BUNDLE_IDENTIFIER = home.tableViewTests;
				PRODUCT_NAME = "$(TARGET_NAME)";
				SWIFT_EMIT_LOC_STRINGS = NO;
				SWIFT_VERSION = 5.0;
				TARGETED_DEVICE_FAMILY = "1,2";
				TEST_HOST = "$(BUILT_PRODUCTS_DIR)/tableView.app/tableView";
			};
			name = Release;
		};
		2837530E2963F26000F074A1 /* Debug */ = {
			isa = XCBuildConfiguration;
			baseConfigurationReference = 0EB89E455C9199FD00CF26EB /* Pods-tableView-tableViewUITests.debug.xcconfig */;
			buildSettings = {
				ALWAYS_EMBED_SWIFT_STANDARD_LIBRARIES = YES;
				CODE_SIGN_STYLE = Automatic;
				CURRENT_PROJECT_VERSION = 1;
				GENERATE_INFOPLIST_FILE = YES;
				MARKETING_VERSION = 1.0;
				PRODUCT_BUNDLE_IDENTIFIER = home.tableViewUITests;
				PRODUCT_NAME = "$(TARGET_NAME)";
				SWIFT_EMIT_LOC_STRINGS = NO;
				SWIFT_VERSION = 5.0;
				TARGETED_DEVICE_FAMILY = "1,2";
				TEST_TARGET_NAME = tableView;
			};
			name = Debug;
		};
		2837530F2963F26000F074A1 /* Release */ = {
			isa = XCBuildConfiguration;
			baseConfigurationReference = C19E041B1661762CA95AC3FE /* Pods-tableView-tableViewUITests.release.xcconfig */;
			buildSettings = {
				ALWAYS_EMBED_SWIFT_STANDARD_LIBRARIES = YES;
				CODE_SIGN_STYLE = Automatic;
				CURRENT_PROJECT_VERSION = 1;
				GENERATE_INFOPLIST_FILE = YES;
				MARKETING_VERSION = 1.0;
				PRODUCT_BUNDLE_IDENTIFIER = home.tableViewUITests;
				PRODUCT_NAME = "$(TARGET_NAME)";
				SWIFT_EMIT_LOC_STRINGS = NO;
				SWIFT_VERSION = 5.0;
				TARGETED_DEVICE_FAMILY = "1,2";
				TEST_TARGET_NAME = tableView;
			};
			name = Release;
		};
/* End XCBuildConfiguration section */

/* Begin XCConfigurationList section */
		283752D52963F25E00F074A1 /* Build configuration list for PBXProject "tableView" */ = {
			isa = XCConfigurationList;
			buildConfigurations = (
				283753052963F26000F074A1 /* Debug */,
				283753062963F26000F074A1 /* Release */,
			);
			defaultConfigurationIsVisible = 0;
			defaultConfigurationName = Release;
		};
		283753072963F26000F074A1 /* Build configuration list for PBXNativeTarget "tableView" */ = {
			isa = XCConfigurationList;
			buildConfigurations = (
				283753082963F26000F074A1 /* Debug */,
				283753092963F26000F074A1 /* Release */,
			);
			defaultConfigurationIsVisible = 0;
			defaultConfigurationName = Release;
		};
		2837530A2963F26000F074A1 /* Build configuration list for PBXNativeTarget "tableViewTests" */ = {
			isa = XCConfigurationList;
			buildConfigurations = (
				2837530B2963F26000F074A1 /* Debug */,
				2837530C2963F26000F074A1 /* Release */,
			);
			defaultConfigurationIsVisible = 0;
			defaultConfigurationName = Release;
		};
		2837530D2963F26000F074A1 /* Build configuration list for PBXNativeTarget "tableViewUITests" */ = {
			isa = XCConfigurationList;
			buildConfigurations = (
				2837530E2963F26000F074A1 /* Debug */,
				2837530F2963F26000F074A1 /* Release */,
			);
			defaultConfigurationIsVisible = 0;
			defaultConfigurationName = Release;
		};
/* End XCConfigurationList section */

/* Begin XCVersionGroup section */
		283752E62963F25E00F074A1 /* tableView.xcdatamodeld */ = {
			isa = XCVersionGroup;
			children = (
				283752E72963F25E00F074A1 /* tableView.xcdatamodel */,
			);
			currentVersion = 283752E72963F25E00F074A1 /* tableView.xcdatamodel */;
			path = tableView.xcdatamodeld;
			sourceTree = "<group>";
			versionGroupType = wrapper.xcdatamodel;
		};
/* End XCVersionGroup section */
	};
	rootObject = 283752D22963F25E00F074A1 /* Project object */;
}
